{
  "name": "Chipy",
  "lockfileVersion": 3,
  "requires": true,
  "packages": {
    "": {
      "dependencies": {
        "esosdb": "^3.0.2",
        "quick.db": "^9.1.7"
      }
    },
    "node_modules/esosdb": {
      "version": "3.0.2",
      "resolved": "https://registry.npmjs.org/esosdb/-/esosdb-3.0.2.tgz",
      "integrity": "sha512-gnAOCD9mclRcpPa5fD9IAZACWOZDv+/VFDleYPJ8WsHwqgcjKCCOO9IK9aR8F0HoR0vATWZwxYSnykGPNHUSKQ=="
    },
    "node_modules/lodash": {
      "version": "4.17.21",
      "resolved": "https://registry.npmjs.org/lodash/-/lodash-4.17.21.tgz",
      "integrity": "sha512-v2kDEe57lecTulaDIuNTPy3Ry4gLGJ6Z1O3vE1krgXZNrsQ+LFTGHVxVjcXPs17LhbZVGedAJv8XZ1tvj5FvSg=="
    },
    "node_modules/quick.db": {
      "version": "9.1.7",
      "resolved": "https://registry.npmjs.org/quick.db/-/quick.db-9.1.7.tgz",
      "integrity": "sha512-ZLPVLVFZtvFRLHqIK99iyrLDUznOTpnp5tB+QpGErT+reDSvgBELuVsMkGSSiqKT9R2YSOhO+096Wb0xTaOHMA==",
      "dependencies": {
        "lodash": "^4.17.21"
      }
    }
  }
}
